// !$*UTF8*$!
{
	archiveVersion = 1;
	classes = {
	};
	objectVersion = 50;
	objects = {

/* Begin PBXBuildFile section */
		18A5404522827DB300670F7E /* AppDelegate.m in Sources */ = {isa = PBXBuildFile; fileRef = 18A5404422827DB300670F7E /* AppDelegate.m */; };
		18A5404822827DB300670F7E /* ViewController.m in Sources */ = {isa = PBXBuildFile; fileRef = 18A5404722827DB300670F7E /* ViewController.m */; };
		18A5404B22827DB300670F7E /* Main.storyboard in Resources */ = {isa = PBXBuildFile; fileRef = 18A5404922827DB300670F7E /* Main.storyboard */; };
		18A5404D22827DC600670F7E /* Assets.xcassets in Resources */ = {isa = PBXBuildFile; fileRef = 18A5404C22827DC600670F7E /* Assets.xcassets */; };
		18A5405022827DC600670F7E /* LaunchScreen.storyboard in Resources */ = {isa = PBXBuildFile; fileRef = 18A5404E22827DC600670F7E /* LaunchScreen.storyboard */; };
		18A5405322827DC600670F7E /* main.m in Sources */ = {isa = PBXBuildFile; fileRef = 18A5405222827DC600670F7E /* main.m */; };
		18A5405D22827DC900670F7E /* recordPushServiceTests.m in Sources */ = {isa = PBXBuildFile; fileRef = 18A5405C22827DC900670F7E /* recordPushServiceTests.m */; };
		18A5406822827DC900670F7E /* recordPushServiceUITests.m in Sources */ = {isa = PBXBuildFile; fileRef = 18A5406722827DC900670F7E /* recordPushServiceUITests.m */; };
		18A54077228284BE00670F7E /* CDPAudioRecorder.m in Sources */ = {isa = PBXBuildFile; fileRef = 18A54075228284BB00670F7E /* CDPAudioRecorder.m */; };
		18A54085228284D300670F7E /* amrFileCodec.m in Sources */ = {isa = PBXBuildFile; fileRef = 18A5407A228284D300670F7E /* amrFileCodec.m */; };
		18A54086228284D300670F7E /* libopencore-amrnb.a in Frameworks */ = {isa = PBXBuildFile; fileRef = 18A54083228284D300670F7E /* libopencore-amrnb.a */; };
		18A54087228284D300670F7E /* libopencore-amrwb.a in Frameworks */ = {isa = PBXBuildFile; fileRef = 18A54084228284D300670F7E /* libopencore-amrwb.a */; };
		18A5408A22828D3800670F7E /* LameTool.m in Sources */ = {isa = PBXBuildFile; fileRef = 18A5408922828D3800670F7E /* LameTool.m */; };
		18A540D42282A6B300670F7E /* AFHTTPSessionManager.m in Sources */ = {isa = PBXBuildFile; fileRef = 18A540C82282A6B300670F7E /* AFHTTPSessionManager.m */; };
		18A540D52282A6B300670F7E /* AFNetworkReachabilityManager.m in Sources */ = {isa = PBXBuildFile; fileRef = 18A540CB2282A6B300670F7E /* AFNetworkReachabilityManager.m */; };
		18A540D62282A6B300670F7E /* AFSecurityPolicy.m in Sources */ = {isa = PBXBuildFile; fileRef = 18A540CD2282A6B300670F7E /* AFSecurityPolicy.m */; };
		18A540D72282A6B300670F7E /* AFURLRequestSerialization.m in Sources */ = {isa = PBXBuildFile; fileRef = 18A540CF2282A6B300670F7E /* AFURLRequestSerialization.m */; };
		18A540D82282A6B300670F7E /* AFURLResponseSerialization.m in Sources */ = {isa = PBXBuildFile; fileRef = 18A540D12282A6B300670F7E /* AFURLResponseSerialization.m */; };
		18A540D92282A6B300670F7E /* AFURLSessionManager.m in Sources */ = {isa = PBXBuildFile; fileRef = 18A540D32282A6B300670F7E /* AFURLSessionManager.m */; };
		18A540E02282B25700670F7E /* libmp3lame.a in Frameworks */ = {isa = PBXBuildFile; fileRef = 18A540DF2282B25700670F7E /* libmp3lame.a */; };
/* End PBXBuildFile section */

/* Begin PBXContainerItemProxy section */
		18A5405922827DC900670F7E /* PBXContainerItemProxy */ = {
			isa = PBXContainerItemProxy;
			containerPortal = 18A5403822827DB300670F7E /* Project object */;
			proxyType = 1;
			remoteGlobalIDString = 18A5403F22827DB300670F7E;
			remoteInfo = recordPushService;
		};
		18A5406422827DC900670F7E /* PBXContainerItemProxy */ = {
			isa = PBXContainerItemProxy;
			containerPortal = 18A5403822827DB300670F7E /* Project object */;
			proxyType = 1;
			remoteGlobalIDString = 18A5403F22827DB300670F7E;
			remoteInfo = recordPushService;
		};
/* End PBXContainerItemProxy section */

/* Begin PBXFileReference section */
		18A5404022827DB300670F7E /* recordPushService.app */ = {isa = PBXFileReference; explicitFileType = wrapper.application; includeInIndex = 0; path = recordPushService.app; sourceTree = BUILT_PRODUCTS_DIR; };
		18A5404322827DB300670F7E /* AppDelegate.h */ = {isa = PBXFileReference; lastKnownFileType = sourcecode.c.h; path = AppDelegate.h; sourceTree = "<group>"; };
		18A5404422827DB300670F7E /* AppDelegate.m */ = {isa = PBXFileReference; lastKnownFileType = sourcecode.c.objc; path = AppDelegate.m; sourceTree = "<group>"; };
		18A5404622827DB300670F7E /* ViewController.h */ = {isa = PBXFileReference; lastKnownFileType = sourcecode.c.h; path = ViewController.h; sourceTree = "<group>"; };
		18A5404722827DB300670F7E /* ViewController.m */ = {isa = PBXFileReference; lastKnownFileType = sourcecode.c.objc; path = ViewController.m; sourceTree = "<group>"; };
		18A5404A22827DB300670F7E /* Base */ = {isa = PBXFileReference; lastKnownFileType = file.storyboard; name = Base; path = Base.lproj/Main.storyboard; sourceTree = "<group>"; };
		18A5404C22827DC600670F7E /* Assets.xcassets */ = {isa = PBXFileReference; lastKnownFileType = folder.assetcatalog; path = Assets.xcassets; sourceTree = "<group>"; };
		18A5404F22827DC600670F7E /* Base */ = {isa = PBXFileReference; lastKnownFileType = file.storyboard; name = Base; path = Base.lproj/LaunchScreen.storyboard; sourceTree = "<group>"; };
		18A5405122827DC600670F7E /* Info.plist */ = {isa = PBXFileReference; lastKnownFileType = text.plist.xml; path = Info.plist; sourceTree = "<group>"; };
		18A5405222827DC600670F7E /* main.m */ = {isa = PBXFileReference; lastKnownFileType = sourcecode.c.objc; path = main.m; sourceTree = "<group>"; };
		18A5405822827DC900670F7E /* recordPushServiceTests.xctest */ = {isa = PBXFileReference; explicitFileType = wrapper.cfbundle; includeInIndex = 0; path = recordPushServiceTests.xctest; sourceTree = BUILT_PRODUCTS_DIR; };
		18A5405C22827DC900670F7E /* recordPushServiceTests.m */ = {isa = PBXFileReference; lastKnownFileType = sourcecode.c.objc; path = recordPushServiceTests.m; sourceTree = "<group>"; };
		18A5405E22827DC900670F7E /* Info.plist */ = {isa = PBXFileReference; lastKnownFileType = text.plist.xml; path = Info.plist; sourceTree = "<group>"; };
		18A5406322827DC900670F7E /* recordPushServiceUITests.xctest */ = {isa = PBXFileReference; explicitFileType = wrapper.cfbundle; includeInIndex = 0; path = recordPushServiceUITests.xctest; sourceTree = BUILT_PRODUCTS_DIR; };
		18A5406722827DC900670F7E /* recordPushServiceUITests.m */ = {isa = PBXFileReference; lastKnownFileType = sourcecode.c.objc; path = recordPushServiceUITests.m; sourceTree = "<group>"; };
		18A5406922827DC900670F7E /* Info.plist */ = {isa = PBXFileReference; lastKnownFileType = text.plist.xml; path = Info.plist; sourceTree = "<group>"; };
		18A54075228284BB00670F7E /* CDPAudioRecorder.m */ = {isa = PBXFileReference; fileEncoding = 4; lastKnownFileType = sourcecode.c.objc; path = CDPAudioRecorder.m; sourceTree = "<group>"; };
		18A54076228284BD00670F7E /* CDPAudioRecorder.h */ = {isa = PBXFileReference; fileEncoding = 4; lastKnownFileType = sourcecode.c.h; path = CDPAudioRecorder.h; sourceTree = "<group>"; };
		18A54079228284D300670F7E /* amrFileCodec.h */ = {isa = PBXFileReference; fileEncoding = 4; lastKnownFileType = sourcecode.c.h; path = amrFileCodec.h; sourceTree = "<group>"; };
		18A5407A228284D300670F7E /* amrFileCodec.m */ = {isa = PBXFileReference; fileEncoding = 4; lastKnownFileType = sourcecode.c.objc; path = amrFileCodec.m; sourceTree = "<group>"; };
		18A5407D228284D300670F7E /* interf_dec.h */ = {isa = PBXFileReference; fileEncoding = 4; lastKnownFileType = sourcecode.c.h; path = interf_dec.h; sourceTree = "<group>"; };
		18A5407E228284D300670F7E /* interf_enc.h */ = {isa = PBXFileReference; fileEncoding = 4; lastKnownFileType = sourcecode.c.h; path = interf_enc.h; sourceTree = "<group>"; };
		18A54080228284D300670F7E /* dec_if.h */ = {isa = PBXFileReference; fileEncoding = 4; lastKnownFileType = sourcecode.c.h; path = dec_if.h; sourceTree = "<group>"; };
		18A54081228284D300670F7E /* if_rom.h */ = {isa = PBXFileReference; fileEncoding = 4; lastKnownFileType = sourcecode.c.h; path = if_rom.h; sourceTree = "<group>"; };
		18A54083228284D300670F7E /* libopencore-amrnb.a */ = {isa = PBXFileReference; lastKnownFileType = archive.ar; path = "libopencore-amrnb.a"; sourceTree = "<group>"; };
		18A54084228284D300670F7E /* libopencore-amrwb.a */ = {isa = PBXFileReference; lastKnownFileType = archive.ar; path = "libopencore-amrwb.a"; sourceTree = "<group>"; };
		18A5408822828D3800670F7E /* LameTool.h */ = {isa = PBXFileReference; fileEncoding = 4; lastKnownFileType = sourcecode.c.h; path = LameTool.h; sourceTree = "<group>"; };
		18A5408922828D3800670F7E /* LameTool.m */ = {isa = PBXFileReference; fileEncoding = 4; lastKnownFileType = sourcecode.c.objc; path = LameTool.m; sourceTree = "<group>"; };
		18A540C72282A6B300670F7E /* AFHTTPSessionManager.h */ = {isa = PBXFileReference; fileEncoding = 4; lastKnownFileType = sourcecode.c.h; path = AFHTTPSessionManager.h; sourceTree = "<group>"; };
		18A540C82282A6B300670F7E /* AFHTTPSessionManager.m */ = {isa = PBXFileReference; fileEncoding = 4; lastKnownFileType = sourcecode.c.objc; path = AFHTTPSessionManager.m; sourceTree = "<group>"; };
		18A540C92282A6B300670F7E /* AFNetworking.h */ = {isa = PBXFileReference; fileEncoding = 4; lastKnownFileType = sourcecode.c.h; path = AFNetworking.h; sourceTree = "<group>"; };
		18A540CA2282A6B300670F7E /* AFNetworkReachabilityManager.h */ = {isa = PBXFileReference; fileEncoding = 4; lastKnownFileType = sourcecode.c.h; path = AFNetworkReachabilityManager.h; sourceTree = "<group>"; };
		18A540CB2282A6B300670F7E /* AFNetworkReachabilityManager.m */ = {isa = PBXFileReference; fileEncoding = 4; lastKnownFileType = sourcecode.c.objc; path = AFNetworkReachabilityManager.m; sourceTree = "<group>"; };
		18A540CC2282A6B300670F7E /* AFSecurityPolicy.h */ = {isa = PBXFileReference; fileEncoding = 4; lastKnownFileType = sourcecode.c.h; path = AFSecurityPolicy.h; sourceTree = "<group>"; };
		18A540CD2282A6B300670F7E /* AFSecurityPolicy.m */ = {isa = PBXFileReference; fileEncoding = 4; lastKnownFileType = sourcecode.c.objc; path = AFSecurityPolicy.m; sourceTree = "<group>"; };
		18A540CE2282A6B300670F7E /* AFURLRequestSerialization.h */ = {isa = PBXFileReference; fileEncoding = 4; lastKnownFileType = sourcecode.c.h; path = AFURLRequestSerialization.h; sourceTree = "<group>"; };
		18A540CF2282A6B300670F7E /* AFURLRequestSerialization.m */ = {isa = PBXFileReference; fileEncoding = 4; lastKnownFileType = sourcecode.c.objc; path = AFURLRequestSerialization.m; sourceTree = "<group>"; };
		18A540D02282A6B300670F7E /* AFURLResponseSerialization.h */ = {isa = PBXFileReference; fileEncoding = 4; lastKnownFileType = sourcecode.c.h; path = AFURLResponseSerialization.h; sourceTree = "<group>"; };
		18A540D12282A6B300670F7E /* AFURLResponseSerialization.m */ = {isa = PBXFileReference; fileEncoding = 4; lastKnownFileType = sourcecode.c.objc; path = AFURLResponseSerialization.m; sourceTree = "<group>"; };
		18A540D22282A6B300670F7E /* AFURLSessionManager.h */ = {isa = PBXFileReference; fileEncoding = 4; lastKnownFileType = sourcecode.c.h; path = AFURLSessionManager.h; sourceTree = "<group>"; };
		18A540D32282A6B300670F7E /* AFURLSessionManager.m */ = {isa = PBXFileReference; fileEncoding = 4; lastKnownFileType = sourcecode.c.objc; path = AFURLSessionManager.m; sourceTree = "<group>"; };
		18A540DD2282B25700670F7E /* lame.h */ = {isa = PBXFileReference; fileEncoding = 4; lastKnownFileType = sourcecode.c.h; path = lame.h; sourceTree = "<group>"; };
		18A540DF2282B25700670F7E /* libmp3lame.a */ = {isa = PBXFileReference; lastKnownFileType = archive.ar; path = libmp3lame.a; sourceTree = "<group>"; };
/* End PBXFileReference section */

/* Begin PBXFrameworksBuildPhase section */
		18A5403D22827DB300670F7E /* Frameworks */ = {
			isa = PBXFrameworksBuildPhase;
			buildActionMask = 2147483647;
			files = (
				18A540E02282B25700670F7E /* libmp3lame.a in Frameworks */,
				18A54087228284D300670F7E /* libopencore-amrwb.a in Frameworks */,
				18A54086228284D300670F7E /* libopencore-amrnb.a in Frameworks */,
			);
			runOnlyForDeploymentPostprocessing = 0;
		};
		18A5405522827DC900670F7E /* Frameworks */ = {
			isa = PBXFrameworksBuildPhase;
			buildActionMask = 2147483647;
			files = (
			);
			runOnlyForDeploymentPostprocessing = 0;
		};
		18A5406022827DC900670F7E /* Frameworks */ = {
			isa = PBXFrameworksBuildPhase;
			buildActionMask = 2147483647;
			files = (
			);
			runOnlyForDeploymentPostprocessing = 0;
		};
/* End PBXFrameworksBuildPhase section */

/* Begin PBXGroup section */
		18A5403722827DB300670F7E = {
			isa = PBXGroup;
			children = (
				18A5404222827DB300670F7E /* recordPushService */,
				18A5405B22827DC900670F7E /* recordPushServiceTests */,
				18A5406622827DC900670F7E /* recordPushServiceUITests */,
				18A5404122827DB300670F7E /* Products */,
			);
			sourceTree = "<group>";
		};
		18A5404122827DB300670F7E /* Products */ = {
			isa = PBXGroup;
			children = (
				18A5404022827DB300670F7E /* recordPushService.app */,
				18A5405822827DC900670F7E /* recordPushServiceTests.xctest */,
				18A5406322827DC900670F7E /* recordPushServiceUITests.xctest */,
			);
			name = Products;
			sourceTree = "<group>";
		};
		18A5404222827DB300670F7E /* recordPushService */ = {
			isa = PBXGroup;
			children = (
				18A5404322827DB300670F7E /* AppDelegate.h */,
				18A5404422827DB300670F7E /* AppDelegate.m */,
				18A5404622827DB300670F7E /* ViewController.h */,
				18A5404722827DB300670F7E /* ViewController.m */,
				18A54076228284BD00670F7E /* CDPAudioRecorder.h */,
				18A54075228284BB00670F7E /* CDPAudioRecorder.m */,
				18A5408822828D3800670F7E /* LameTool.h */,
				18A5408922828D3800670F7E /* LameTool.m */,
				18A540DA2282B25700670F7E /* fat-lame */,
				18A540C62282A6B300670F7E /* AFNetworking */,
				18A54078228284D300670F7E /* AMR */,
				18A5404922827DB300670F7E /* Main.storyboard */,
				18A5404C22827DC600670F7E /* Assets.xcassets */,
				18A5404E22827DC600670F7E /* LaunchScreen.storyboard */,
				18A5405122827DC600670F7E /* Info.plist */,
				18A5405222827DC600670F7E /* main.m */,
			);
			path = recordPushService;
			sourceTree = "<group>";
		};
		18A5405B22827DC900670F7E /* recordPushServiceTests */ = {
			isa = PBXGroup;
			children = (
				18A5405C22827DC900670F7E /* recordPushServiceTests.m */,
				18A5405E22827DC900670F7E /* Info.plist */,
			);
			path = recordPushServiceTests;
			sourceTree = "<group>";
		};
		18A5406622827DC900670F7E /* recordPushServiceUITests */ = {
			isa = PBXGroup;
			children = (
				18A5406722827DC900670F7E /* recordPushServiceUITests.m */,
				18A5406922827DC900670F7E /* Info.plist */,
			);
			path = recordPushServiceUITests;
			sourceTree = "<group>";
		};
		18A54078228284D300670F7E /* AMR */ = {
			isa = PBXGroup;
			children = (
				18A54079228284D300670F7E /* amrFileCodec.h */,
				18A5407A228284D300670F7E /* amrFileCodec.m */,
				18A5407B228284D300670F7E /* include */,
				18A54082228284D300670F7E /* lib */,
			);
			path = AMR;
			sourceTree = "<group>";
		};
		18A5407B228284D300670F7E /* include */ = {
			isa = PBXGroup;
			children = (
				18A5407C228284D300670F7E /* opencore-amrnb */,
				18A5407F228284D300670F7E /* opencore-amrwb */,
			);
			path = include;
			sourceTree = "<group>";
		};
		18A5407C228284D300670F7E /* opencore-amrnb */ = {
			isa = PBXGroup;
			children = (
				18A5407D228284D300670F7E /* interf_dec.h */,
				18A5407E228284D300670F7E /* interf_enc.h */,
			);
			path = "opencore-amrnb";
			sourceTree = "<group>";
		};
		18A5407F228284D300670F7E /* opencore-amrwb */ = {
			isa = PBXGroup;
			children = (
				18A54080228284D300670F7E /* dec_if.h */,
				18A54081228284D300670F7E /* if_rom.h */,
			);
			path = "opencore-amrwb";
			sourceTree = "<group>";
		};
		18A54082228284D300670F7E /* lib */ = {
			isa = PBXGroup;
			children = (
				18A54083228284D300670F7E /* libopencore-amrnb.a */,
				18A54084228284D300670F7E /* libopencore-amrwb.a */,
			);
			path = lib;
			sourceTree = "<group>";
		};
		18A540C62282A6B300670F7E /* AFNetworking */ = {
			isa = PBXGroup;
			children = (
				18A540C72282A6B300670F7E /* AFHTTPSessionManager.h */,
				18A540C82282A6B300670F7E /* AFHTTPSessionManager.m */,
				18A540C92282A6B300670F7E /* AFNetworking.h */,
				18A540CA2282A6B300670F7E /* AFNetworkReachabilityManager.h */,
				18A540CB2282A6B300670F7E /* AFNetworkReachabilityManager.m */,
				18A540CC2282A6B300670F7E /* AFSecurityPolicy.h */,
				18A540CD2282A6B300670F7E /* AFSecurityPolicy.m */,
				18A540CE2282A6B300670F7E /* AFURLRequestSerialization.h */,
				18A540CF2282A6B300670F7E /* AFURLRequestSerialization.m */,
				18A540D02282A6B300670F7E /* AFURLResponseSerialization.h */,
				18A540D12282A6B300670F7E /* AFURLResponseSerialization.m */,
				18A540D22282A6B300670F7E /* AFURLSessionManager.h */,
				18A540D32282A6B300670F7E /* AFURLSessionManager.m */,
			);
			path = AFNetworking;
			sourceTree = "<group>";
		};
		18A540DA2282B25700670F7E /* fat-lame */ = {
			isa = PBXGroup;
			children = (
				18A540DB2282B25700670F7E /* include */,
				18A540DE2282B25700670F7E /* lib */,
			);
			path = "fat-lame";
			sourceTree = "<group>";
		};
		18A540DB2282B25700670F7E /* include */ = {
			isa = PBXGroup;
			children = (
				18A540DC2282B25700670F7E /* lame */,
			);
			path = include;
			sourceTree = "<group>";
		};
		18A540DC2282B25700670F7E /* lame */ = {
			isa = PBXGroup;
			children = (
				18A540DD2282B25700670F7E /* lame.h */,
			);
			path = lame;
			sourceTree = "<group>";
		};
		18A540DE2282B25700670F7E /* lib */ = {
			isa = PBXGroup;
			children = (
				18A540DF2282B25700670F7E /* libmp3lame.a */,
			);
			path = lib;
			sourceTree = "<group>";
		};
/* End PBXGroup section */

/* Begin PBXNativeTarget section */
		18A5403F22827DB300670F7E /* recordPushService */ = {
			isa = PBXNativeTarget;
			buildConfigurationList = 18A5406C22827DC900670F7E /* Build configuration list for PBXNativeTarget "recordPushService" */;
			buildPhases = (
				18A5403C22827DB300670F7E /* Sources */,
				18A5403D22827DB300670F7E /* Frameworks */,
				18A5403E22827DB300670F7E /* Resources */,
			);
			buildRules = (
			);
			dependencies = (
			);
			name = recordPushService;
			productName = recordPushService;
			productReference = 18A5404022827DB300670F7E /* recordPushService.app */;
			productType = "com.apple.product-type.application";
		};
		18A5405722827DC900670F7E /* recordPushServiceTests */ = {
			isa = PBXNativeTarget;
			buildConfigurationList = 18A5406F22827DC900670F7E /* Build configuration list for PBXNativeTarget "recordPushServiceTests" */;
			buildPhases = (
				18A5405422827DC900670F7E /* Sources */,
				18A5405522827DC900670F7E /* Frameworks */,
				18A5405622827DC900670F7E /* Resources */,
			);
			buildRules = (
			);
			dependencies = (
				18A5405A22827DC900670F7E /* PBXTargetDependency */,
			);
			name = recordPushServiceTests;
			productName = recordPushServiceTests;
			productReference = 18A5405822827DC900670F7E /* recordPushServiceTests.xctest */;
			productType = "com.apple.product-type.bundle.unit-test";
		};
		18A5406222827DC900670F7E /* recordPushServiceUITests */ = {
			isa = PBXNativeTarget;
			buildConfigurationList = 18A5407222827DC900670F7E /* Build configuration list for PBXNativeTarget "recordPushServiceUITests" */;
			buildPhases = (
				18A5405F22827DC900670F7E /* Sources */,
				18A5406022827DC900670F7E /* Frameworks */,
				18A5406122827DC900670F7E /* Resources */,
			);
			buildRules = (
			);
			dependencies = (
				18A5406522827DC900670F7E /* PBXTargetDependency */,
			);
			name = recordPushServiceUITests;
			productName = recordPushServiceUITests;
			productReference = 18A5406322827DC900670F7E /* recordPushServiceUITests.xctest */;
			productType = "com.apple.product-type.bundle.ui-testing";
		};
/* End PBXNativeTarget section */

/* Begin PBXProject section */
		18A5403822827DB300670F7E /* Project object */ = {
			isa = PBXProject;
			attributes = {
				LastUpgradeCheck = 1010;
				ORGANIZATIONNAME = apple;
				TargetAttributes = {
					18A5403F22827DB300670F7E = {
						CreatedOnToolsVersion = 10.1;
					};
					18A5405722827DC900670F7E = {
						CreatedOnToolsVersion = 10.1;
						TestTargetID = 18A5403F22827DB300670F7E;
					};
					18A5406222827DC900670F7E = {
						CreatedOnToolsVersion = 10.1;
						TestTargetID = 18A5403F22827DB300670F7E;
					};
				};
			};
			buildConfigurationList = 18A5403B22827DB300670F7E /* Build configuration list for PBXProject "recordPushService" */;
			compatibilityVersion = "Xcode 9.3";
			developmentRegion = en;
			hasScannedForEncodings = 0;
			knownRegions = (
				en,
				Base,
			);
			mainGroup = 18A5403722827DB300670F7E;
			productRefGroup = 18A5404122827DB300670F7E /* Products */;
			projectDirPath = "";
			projectRoot = "";
			targets = (
				18A5403F22827DB300670F7E /* recordPushService */,
				18A5405722827DC900670F7E /* recordPushServiceTests */,
				18A5406222827DC900670F7E /* recordPushServiceUITests */,
			);
		};
/* End PBXProject section */

/* Begin PBXResourcesBuildPhase section */
		18A5403E22827DB300670F7E /* Resources */ = {
			isa = PBXResourcesBuildPhase;
			buildActionMask = 2147483647;
			files = (
				18A5405022827DC600670F7E /* LaunchScreen.storyboard in Resources */,
				18A5404D22827DC600670F7E /* Assets.xcassets in Resources */,
				18A5404B22827DB300670F7E /* Main.storyboard in Resources */,
			);
			runOnlyForDeploymentPostprocessing = 0;
		};
		18A5405622827DC900670F7E /* Resources */ = {
			isa = PBXResourcesBuildPhase;
			buildActionMask = 2147483647;
			files = (
			);
			runOnlyForDeploymentPostprocessing = 0;
		};
		18A5406122827DC900670F7E /* Resources */ = {
			isa = PBXResourcesBuildPhase;
			buildActionMask = 2147483647;
			files = (
			);
			runOnlyForDeploymentPostprocessing = 0;
		};
/* End PBXResourcesBuildPhase section */

/* Begin PBXSourcesBuildPhase section */
		18A5403C22827DB300670F7E /* Sources */ = {
			isa = PBXSourcesBuildPhase;
			buildActionMask = 2147483647;
			files = (
				18A54077228284BE00670F7E /* CDPAudioRecorder.m in Sources */,
				18A540D62282A6B300670F7E /* AFSecurityPolicy.m in Sources */,
				18A5404822827DB300670F7E /* ViewController.m in Sources */,
				18A5408A22828D3800670F7E /* LameTool.m in Sources */,
				18A540D82282A6B300670F7E /* AFURLResponseSerialization.m in Sources */,
				18A5405322827DC600670F7E /* main.m in Sources */,
				18A5404522827DB300670F7E /* AppDelegate.m in Sources */,
				18A540D42282A6B300670F7E /* AFHTTPSessionManager.m in Sources */,
				18A540D72282A6B300670F7E /* AFURLRequestSerialization.m in Sources */,
				18A540D92282A6B300670F7E /* AFURLSessionManager.m in Sources */,
				18A540D52282A6B300670F7E /* AFNetworkReachabilityManager.m in Sources */,
				18A54085228284D300670F7E /* amrFileCodec.m in Sources */,
			);
			runOnlyForDeploymentPostprocessing = 0;
		};
		18A5405422827DC900670F7E /* Sources */ = {
			isa = PBXSourcesBuildPhase;
			buildActionMask = 2147483647;
			files = (
				18A5405D22827DC900670F7E /* recordPushServiceTests.m in Sources */,
			);
			runOnlyForDeploymentPostprocessing = 0;
		};
		18A5405F22827DC900670F7E /* Sources */ = {
			isa = PBXSourcesBuildPhase;
			buildActionMask = 2147483647;
			files = (
				18A5406822827DC900670F7E /* recordPushServiceUITests.m in Sources */,
			);
			runOnlyForDeploymentPostprocessing = 0;
		};
/* End PBXSourcesBuildPhase section */

/* Begin PBXTargetDependency section */
		18A5405A22827DC900670F7E /* PBXTargetDependency */ = {
			isa = PBXTargetDependency;
			target = 18A5403F22827DB300670F7E /* recordPushService */;
			targetProxy = 18A5405922827DC900670F7E /* PBXContainerItemProxy */;
		};
		18A5406522827DC900670F7E /* PBXTargetDependency */ = {
			isa = PBXTargetDependency;
			target = 18A5403F22827DB300670F7E /* recordPushService */;
			targetProxy = 18A5406422827DC900670F7E /* PBXContainerItemProxy */;
		};
/* End PBXTargetDependency section */

/* Begin PBXVariantGroup section */
		18A5404922827DB300670F7E /* Main.storyboard */ = {
			isa = PBXVariantGroup;
			children = (
				18A5404A22827DB300670F7E /* Base */,
			);
			name = Main.storyboard;
			sourceTree = "<group>";
		};
		18A5404E22827DC600670F7E /* LaunchScreen.storyboard */ = {
			isa = PBXVariantGroup;
			children = (
				18A5404F22827DC600670F7E /* Base */,
			);
			name = LaunchScreen.storyboard;
			sourceTree = "<group>";
		};
/* End PBXVariantGroup section */

/* Begin XCBuildConfiguration section */
		18A5406A22827DC900670F7E /* Debug */ = {
			isa = XCBuildConfiguration;
			buildSettings = {
				ALWAYS_SEARCH_USER_PATHS = NO;
				CLANG_ANALYZER_NONNULL = YES;
				CLANG_ANALYZER_NUMBER_OBJECT_CONVERSION = YES_AGGRESSIVE;
				CLANG_CXX_LANGUAGE_STANDARD = "gnu++14";
				CLANG_CXX_LIBRARY = "libc++";
				CLANG_ENABLE_MODULES = YES;
				CLANG_ENABLE_OBJC_ARC = YES;
				CLANG_ENABLE_OBJC_WEAK = YES;
				CLANG_WARN_BLOCK_CAPTURE_AUTORELEASING = YES;
				CLANG_WARN_BOOL_CONVERSION = YES;
				CLANG_WARN_COMMA = YES;
				CLANG_WARN_CONSTANT_CONVERSION = YES;
				CLANG_WARN_DEPRECATED_OBJC_IMPLEMENTATIONS = YES;
				CLANG_WARN_DIRECT_OBJC_ISA_USAGE = YES_ERROR;
				CLANG_WARN_DOCUMENTATION_COMMENTS = YES;
				CLANG_WARN_EMPTY_BODY = YES;
				CLANG_WARN_ENUM_CONVERSION = YES;
				CLANG_WARN_INFINITE_RECURSION = YES;
				CLANG_WARN_INT_CONVERSION = YES;
				CLANG_WARN_NON_LITERAL_NULL_CONVERSION = YES;
				CLANG_WARN_OBJC_IMPLICIT_RETAIN_SELF = YES;
				CLANG_WARN_OBJC_LITERAL_CONVERSION = YES;
				CLANG_WARN_OBJC_ROOT_CLASS = YES_ERROR;
				CLANG_WARN_RANGE_LOOP_ANALYSIS = YES;
				CLANG_WARN_STRICT_PROTOTYPES = YES;
				CLANG_WARN_SUSPICIOUS_MOVE = YES;
				CLANG_WARN_UNGUARDED_AVAILABILITY = YES_AGGRESSIVE;
				CLANG_WARN_UNREACHABLE_CODE = YES;
				CLANG_WARN__DUPLICATE_METHOD_MATCH = YES;
				CODE_SIGN_IDENTITY = "iPhone Developer";
				COPY_PHASE_STRIP = NO;
				DEBUG_INFORMATION_FORMAT = dwarf;
				ENABLE_STRICT_OBJC_MSGSEND = YES;
				ENABLE_TESTABILITY = YES;
				GCC_C_LANGUAGE_STANDARD = gnu11;
				GCC_DYNAMIC_NO_PIC = NO;
				GCC_NO_COMMON_BLOCKS = YES;
				GCC_OPTIMIZATION_LEVEL = 0;
				GCC_PREPROCESSOR_DEFINITIONS = (
					"DEBUG=1",
					"$(inherited)",
				);
				GCC_WARN_64_TO_32_BIT_CONVERSION = YES;
				GCC_WARN_ABOUT_RETURN_TYPE = YES_ERROR;
				GCC_WARN_UNDECLARED_SELECTOR = YES;
				GCC_WARN_UNINITIALIZED_AUTOS = YES_AGGRESSIVE;
				GCC_WARN_UNUSED_FUNCTION = YES;
				GCC_WARN_UNUSED_VARIABLE = YES;
				IPHONEOS_DEPLOYMENT_TARGET = 12.1;
				MTL_ENABLE_DEBUG_INFO = INCLUDE_SOURCE;
				MTL_FAST_MATH = YES;
				ONLY_ACTIVE_ARCH = YES;
				SDKROOT = iphoneos;
			};
			name = Debug;
		};
		18A5406B22827DC900670F7E /* Release */ = {
			isa = XCBuildConfiguration;
			buildSettings = {
				ALWAYS_SEARCH_USER_PATHS = NO;
				CLANG_ANALYZER_NONNULL = YES;
				CLANG_ANALYZER_NUMBER_OBJECT_CONVERSION = YES_AGGRESSIVE;
				CLANG_CXX_LANGUAGE_STANDARD = "gnu++14";
				CLANG_CXX_LIBRARY = "libc++";
				CLANG_ENABLE_MODULES = YES;
				CLANG_ENABLE_OBJC_ARC = YES;
				CLANG_ENABLE_OBJC_WEAK = YES;
				CLANG_WARN_BLOCK_CAPTURE_AUTORELEASING = YES;
				CLANG_WARN_BOOL_CONVERSION = YES;
				CLANG_WARN_COMMA = YES;
				CLANG_WARN_CONSTANT_CONVERSION = YES;
				CLANG_WARN_DEPRECATED_OBJC_IMPLEMENTATIONS = YES;
				CLANG_WARN_DIRECT_OBJC_ISA_USAGE = YES_ERROR;
				CLANG_WARN_DOCUMENTATION_COMMENTS = YES;
				CLANG_WARN_EMPTY_BODY = YES;
				CLANG_WARN_ENUM_CONVERSION = YES;
				CLANG_WARN_INFINITE_RECURSION = YES;
				CLANG_WARN_INT_CONVERSION = YES;
				CLANG_WARN_NON_LITERAL_NULL_CONVERSION = YES;
				CLANG_WARN_OBJC_IMPLICIT_RETAIN_SELF = YES;
				CLANG_WARN_OBJC_LITERAL_CONVERSION = YES;
				CLANG_WARN_OBJC_ROOT_CLASS = YES_ERROR;
				CLANG_WARN_RANGE_LOOP_ANALYSIS = YES;
				CLANG_WARN_STRICT_PROTOTYPES = YES;
				CLANG_WARN_SUSPICIOUS_MOVE = YES;
				CLANG_WARN_UNGUARDED_AVAILABILITY = YES_AGGRESSIVE;
				CLANG_WARN_UNREACHABLE_CODE = YES;
				CLANG_WARN__DUPLICATE_METHOD_MATCH = YES;
				CODE_SIGN_IDENTITY = "iPhone Developer";
				COPY_PHASE_STRIP = NO;
				DEBUG_INFORMATION_FORMAT = "dwarf-with-dsym";
				ENABLE_NS_ASSERTIONS = NO;
				ENABLE_STRICT_OBJC_MSGSEND = YES;
				GCC_C_LANGUAGE_STANDARD = gnu11;
				GCC_NO_COMMON_BLOCKS = YES;
				GCC_WARN_64_TO_32_BIT_CONVERSION = YES;
				GCC_WARN_ABOUT_RETURN_TYPE = YES_ERROR;
				GCC_WARN_UNDECLARED_SELECTOR = YES;
				GCC_WARN_UNINITIALIZED_AUTOS = YES_AGGRESSIVE;
				GCC_WARN_UNUSED_FUNCTION = YES;
				GCC_WARN_UNUSED_VARIABLE = YES;
				IPHONEOS_DEPLOYMENT_TARGET = 12.1;
				MTL_ENABLE_DEBUG_INFO = NO;
				MTL_FAST_MATH = YES;
				SDKROOT = iphoneos;
				VALIDATE_PRODUCT = YES;
			};
			name = Release;
		};
		18A5406D22827DC900670F7E /* Debug */ = {
			isa = XCBuildConfiguration;
			buildSettings = {
				ASSETCATALOG_COMPILER_APPICON_NAME = AppIcon;
				CODE_SIGN_STYLE = Automatic;
				DEVELOPMENT_TEAM = FDN9NM99BM;
				ENABLE_BITCODE = NO;
				INFOPLIST_FILE = recordPushService/Info.plist;
				LD_RUNPATH_SEARCH_PATHS = (
					"$(inherited)",
					"@executable_path/Frameworks",
				);
				LIBRARY_SEARCH_PATHS = (
					"$(inherited)",
					"$(PROJECT_DIR)/recordPushService/AMR/lib",
					"$(PROJECT_DIR)/recordPushService/lib",
					"$(PROJECT_DIR)/recordPushService/fat-lame/lib",
				);
				PRODUCT_BUNDLE_IDENTIFIER = sikaoline.recordPushService;
				PRODUCT_NAME = "$(TARGET_NAME)";
				TARGETED_DEVICE_FAMILY = "1,2";
			};
			name = Debug;
		};
		18A5406E22827DC900670F7E /* Release */ = {
			isa = XCBuildConfiguration;
			buildSettings = {
				ASSETCATALOG_COMPILER_APPICON_NAME = AppIcon;
				CODE_SIGN_STYLE = Automatic;
				DEVELOPMENT_TEAM = FDN9NM99BM;
				ENABLE_BITCODE = NO;
				INFOPLIST_FILE = recordPushService/Info.plist;
				LD_RUNPATH_SEARCH_PATHS = (
					"$(inherited)",
					"@executable_path/Frameworks",
				);
				LIBRARY_SEARCH_PATHS = (
					"$(inherited)",
					"$(PROJECT_DIR)/recordPushService/AMR/lib",
					"$(PROJECT_DIR)/recordPushService/lib",
					"$(PROJECT_DIR)/recordPushService/fat-lame/lib",
				);
				PRODUCT_BUNDLE_IDENTIFIER = sikaoline.recordPushService;
				PRODUCT_NAME = "$(TARGET_NAME)";
				TARGETED_DEVICE_FAMILY = "1,2";
			};
			name = Release;
		};
		18A5407022827DC900670F7E /* Debug */ = {
			isa = XCBuildConfiguration;
			buildSettings = {
				BUNDLE_LOADER = "$(TEST_HOST)";
				CODE_SIGN_STYLE = Automatic;
				INFOPLIST_FILE = recordPushServiceTests/Info.plist;
				LD_RUNPATH_SEARCH_PATHS = (
					"$(inherited)",
					"@executable_path/Frameworks",
					"@loader_path/Frameworks",
				);
				PRODUCT_BUNDLE_IDENTIFIER = sikaoline.recordPushServiceTests;
				PRODUCT_NAME = "$(TARGET_NAME)";
				TARGETED_DEVICE_FAMILY = "1,2";
				TEST_HOST = "$(BUILT_PRODUCTS_DIR)/recordPushService.app/recordPushService";
			};
			name = Debug;
		};
		18A5407122827DC900670F7E /* Release */ = {
			isa = XCBuildConfiguration;
			buildSettings = {
				BUNDLE_LOADER = "$(TEST_HOST)";
				CODE_SIGN_STYLE = Automatic;
				INFOPLIST_FILE = recordPushServiceTests/Info.plist;
				LD_RUNPATH_SEARCH_PATHS = (
					"$(inherited)",
					"@executable_path/Frameworks",
					"@loader_path/Frameworks",
				);
				PRODUCT_BUNDLE_IDENTIFIER = sikaoline.recordPushServiceTests;
				PRODUCT_NAME = "$(TARGET_NAME)";
				TARGETED_DEVICE_FAMILY = "1,2";
				TEST_HOST = "$(BUILT_PRODUCTS_DIR)/recordPushService.app/recordPushService";
			};
			name = Release;
		};
		18A5407322827DC900670F7E /* Debug */ = {
			isa = XCBuildConfiguration;
			buildSettings = {
				CODE_SIGN_STYLE = Automatic;
				INFOPLIST_FILE = recordPushServiceUITests/Info.plist;
				LD_RUNPATH_SEARCH_PATHS = (
					"$(inherited)",
					"@executable_path/Frameworks",
					"@loader_path/Frameworks",
				);
				PRODUCT_BUNDLE_IDENTIFIER = sikaoline.recordPushServiceUITests;
				PRODUCT_NAME = "$(TARGET_NAME)";
				TARGETED_DEVICE_FAMILY = "1,2";
				TEST_TARGET_NAME = recordPushService;
			};
			name = Debug;
		};
		18A5407422827DC900670F7E /* Release */ = {
			isa = XCBuildConfiguration;
			buildSettings = {
				CODE_SIGN_STYLE = Automatic;
				INFOPLIST_FILE = recordPushServiceUITests/Info.plist;
				LD_RUNPATH_SEARCH_PATHS = (
					"$(inherited)",
					"@executable_path/Frameworks",
					"@loader_path/Frameworks",
				);
				PRODUCT_BUNDLE_IDENTIFIER = sikaoline.recordPushServiceUITests;
				PRODUCT_NAME = "$(TARGET_NAME)";
				TARGETED_DEVICE_FAMILY = "1,2";
				TEST_TARGET_NAME = recordPushService;
			};
			name = Release;
		};
/* End XCBuildConfiguration section */

/* Begin XCConfigurationList section */
		18A5403B22827DB300670F7E /* Build configuration list for PBXProject "recordPushService" */ = {
			isa = XCConfigurationList;
			buildConfigurations = (
				18A5406A22827DC900670F7E /* Debug */,
				18A5406B22827DC900670F7E /* Release */,
			);
			defaultConfigurationIsVisible = 0;
			defaultConfigurationName = Release;
		};
		18A5406C22827DC900670F7E /* Build configuration list for PBXNativeTarget "recordPushService" */ = {
			isa = XCConfigurationList;
			buildConfigurations = (
				18A5406D22827DC900670F7E /* Debug */,
				18A5406E22827DC900670F7E /* Release */,
			);
			defaultConfigurationIsVisible = 0;
			defaultConfigurationName = Release;
		};
		18A5406F22827DC900670F7E /* Build configuration list for PBXNativeTarget "recordPushServiceTests" */ = {
			isa = XCConfigurationList;
			buildConfigurations = (
				18A5407022827DC900670F7E /* Debug */,
				18A5407122827DC900670F7E /* Release */,
			);
			defaultConfigurationIsVisible = 0;
			defaultConfigurationName = Release;
		};
		18A5407222827DC900670F7E /* Build configuration list for PBXNativeTarget "recordPushServiceUITests" */ = {
			isa = XCConfigurationList;
			buildConfigurations = (
				18A5407322827DC900670F7E /* Debug */,
				18A5407422827DC900670F7E /* Release */,
			);
			defaultConfigurationIsVisible = 0;
			defaultConfigurationName = Release;
		};
/* End XCConfigurationList section */
	};
	rootObject = 18A5403822827DB300670F7E /* Project object */;
}
